
Microsoft Visual Studio Solution File, Format Version 12.00
# Visual Studio Version 17
VisualStudioVersion = 17.14.36414.22 d17.14
MinimumVisualStudioVersion = 10.0.40219.1
Project("{2150E333-8FDC-42A3-9474-1A3956D46DE8}") = "Task0", "Task0", "{02EA681E-C7D8-13C7-8484-4AC65E1B71E8}"
EndProject
Project("{FAE04EC0-301F-11D3-BF4B-00C04F79EFBC}") = "Tyuiu.MedvedevDP.Sprint5.Task0.V23", "Tyuiu.MedvedevDP.Sprint5.Task0.V23\Tyuiu.MedvedevDP.Sprint5.Task0.V23.csproj", "{46B75BAF-A9F0-4045-BC01-846666E4C80B}"
EndProject
Project("{FAE04EC0-301F-11D3-BF4B-00C04F79EFBC}") = "Tyuiu.MedvedevDP.Sprint5.Task0.V23.Test", "Tyuiu.MedvedevDP.Sprint5.Task0.V23.Test\Tyuiu.MedvedevDP.Sprint5.Task0.V23.Test.csproj", "{C7D5B2A9-BAFB-4F38-9C8C-EE349F2865F2}"
EndProject
Project("{FAE04EC0-301F-11D3-BF4B-00C04F79EFBC}") = "Tyuiu.MedvedevDP.Sprint5.Task0.V23.Lib", "Tyuiu.MedvedevDP.Sprint5.Task0.V23.Lib\Tyuiu.MedvedevDP.Sprint5.Task0.V23.Lib.csproj", "{4EF65433-A445-4498-A8DB-6A08A02CD390}"
EndProject
Project("{2150E333-8FDC-42A3-9474-1A3956D46DE8}") = "Task1", "Task1", "{870C16A6-8CBA-4D7C-8CE6-7F1C1B77455C}"
EndProject
Project("{FAE04EC0-301F-11D3-BF4B-00C04F79EFBC}") = "Tyuiu.MedvedevDP.Sprint5.Task1.V16", "Tyuiu.MedvedevDP.Sprint5.Task1.V16\Tyuiu.MedvedevDP.Sprint5.Task1.V16.csproj", "{4F0C799F-F71C-4840-B627-971B60FA2BDA}"
EndProject
Project("{FAE04EC0-301F-11D3-BF4B-00C04F79EFBC}") = "Tyuiu.MedvedevDP.Sprint5.Task1.V16.Test", "Tyuiu.MedvedevDP.Sprint5.Task1.V16.Test\Tyuiu.MedvedevDP.Sprint5.Task1.V16.Test.csproj", "{523CD359-0DA3-46DE-A767-03207ADCA3B8}"
EndProject
Project("{FAE04EC0-301F-11D3-BF4B-00C04F79EFBC}") = "Tyuiu.MedvedevDP.Sprint5.Task1.V16.Lib", "Tyuiu.MedvedevDP.Sprint5.Task1.V16.Lib\Tyuiu.MedvedevDP.Sprint5.Task1.V16.Lib.csproj", "{58C91DFA-00AE-4C8D-9552-3201F845B3E0}"
EndProject
Global
	GlobalSection(SolutionConfigurationPlatforms) = preSolution
		Debug|Any CPU = Debug|Any CPU
		Release|Any CPU = Release|Any CPU
	EndGlobalSection
	GlobalSection(ProjectConfigurationPlatforms) = postSolution
		{46B75BAF-A9F0-4045-BC01-846666E4C80B}.Debug|Any CPU.ActiveCfg = Debug|Any CPU
		{46B75BAF-A9F0-4045-BC01-846666E4C80B}.Debug|Any CPU.Build.0 = Debug|Any CPU
		{46B75BAF-A9F0-4045-BC01-846666E4C80B}.Release|Any CPU.ActiveCfg = Release|Any CPU
		{46B75BAF-A9F0-4045-BC01-846666E4C80B}.Release|Any CPU.Build.0 = Release|Any CPU
		{C7D5B2A9-BAFB-4F38-9C8C-EE349F2865F2}.Debug|Any CPU.ActiveCfg = Debug|Any CPU
		{C7D5B2A9-BAFB-4F38-9C8C-EE349F2865F2}.Debug|Any CPU.Build.0 = Debug|Any CPU
		{C7D5B2A9-BAFB-4F38-9C8C-EE349F2865F2}.Release|Any CPU.ActiveCfg = Release|Any CPU
		{C7D5B2A9-BAFB-4F38-9C8C-EE349F2865F2}.Release|Any CPU.Build.0 = Release|Any CPU
		{4EF65433-A445-4498-A8DB-6A08A02CD390}.Debug|Any CPU.ActiveCfg = Debug|Any CPU
		{4EF65433-A445-4498-A8DB-6A08A02CD390}.Debug|Any CPU.Build.0 = Debug|Any CPU
		{4EF65433-A445-4498-A8DB-6A08A02CD390}.Release|Any CPU.ActiveCfg = Release|Any CPU
		{4EF65433-A445-4498-A8DB-6A08A02CD390}.Release|Any CPU.Build.0 = Release|Any CPU
		{4F0C799F-F71C-4840-B627-971B60FA2BDA}.Debug|Any CPU.ActiveCfg = Debug|Any CPU
		{4F0C799F-F71C-4840-B627-971B60FA2BDA}.Debug|Any CPU.Build.0 = Debug|Any CPU
		{4F0C799F-F71C-4840-B627-971B60FA2BDA}.Release|Any CPU.ActiveCfg = Release|Any CPU
		{4F0C799F-F71C-4840-B627-971B60FA2BDA}.Release|Any CPU.Build.0 = Release|Any CPU
		{523CD359-0DA3-46DE-A767-03207ADCA3B8}.Debug|Any CPU.ActiveCfg = Debug|Any CPU
		{523CD359-0DA3-46DE-A767-03207ADCA3B8}.Debug|Any CPU.Build.0 = Debug|Any CPU
		{523CD359-0DA3-46DE-A767-03207ADCA3B8}.Release|Any CPU.ActiveCfg = Release|Any CPU
		{523CD359-0DA3-46DE-A767-03207ADCA3B8}.Release|Any CPU.Build.0 = Release|Any CPU
		{58C91DFA-00AE-4C8D-9552-3201F845B3E0}.Debug|Any CPU.ActiveCfg = Debug|Any CPU
		{58C91DFA-00AE-4C8D-9552-3201F845B3E0}.Debug|Any CPU.Build.0 = Debug|Any CPU
		{58C91DFA-00AE-4C8D-9552-3201F845B3E0}.Release|Any CPU.ActiveCfg = Release|Any CPU
		{58C91DFA-00AE-4C8D-9552-3201F845B3E0}.Release|Any CPU.Build.0 = Release|Any CPU
	EndGlobalSection
	GlobalSection(SolutionProperties) = preSolution
		HideSolutionNode = FALSE
	EndGlobalSection
	GlobalSection(NestedProjects) = preSolution
		{46B75BAF-A9F0-4045-BC01-846666E4C80B} = {02EA681E-C7D8-13C7-8484-4AC65E1B71E8}
		{C7D5B2A9-BAFB-4F38-9C8C-EE349F2865F2} = {02EA681E-C7D8-13C7-8484-4AC65E1B71E8}
		{4EF65433-A445-4498-A8DB-6A08A02CD390} = {02EA681E-C7D8-13C7-8484-4AC65E1B71E8}
		{4F0C799F-F71C-4840-B627-971B60FA2BDA} = {870C16A6-8CBA-4D7C-8CE6-7F1C1B77455C}
		{523CD359-0DA3-46DE-A767-03207ADCA3B8} = {870C16A6-8CBA-4D7C-8CE6-7F1C1B77455C}
		{58C91DFA-00AE-4C8D-9552-3201F845B3E0} = {870C16A6-8CBA-4D7C-8CE6-7F1C1B77455C}
	EndGlobalSection
	GlobalSection(ExtensibilityGlobals) = postSolution
		SolutionGuid = {B80074F8-1118-4F48-B3EA-103B14FA93A2}
	EndGlobalSection
EndGlobal
